
Microsoft Visual Studio Solution File, Format Version 12.00
# Visual Studio Version 17
VisualStudioVersion = 17.9.34622.214
MinimumVisualStudioVersion = 10.0.40219.1
Project("{FAE04EC0-301F-11D3-BF4B-00C04F79EFBC}") = "TowerCore", "TowerCore.csproj", "{A0AB64F6-FE48-41D6-ABE6-B3E0469C1C6A}"
EndProject
Global
	GlobalSection(SolutionConfigurationPlatforms) = preSolution
		Debug|Any CPU = Debug|Any CPU
		Release|Any CPU = Release|Any CPU
	EndGlobalSection
	GlobalSection(ProjectConfigurationPlatforms) = postSolution
		{A0AB64F6-FE48-41D6-ABE6-B3E0469C1C6A}.Debug|Any CPU.ActiveCfg = Debug|Any CPU
		{A0AB64F6-FE48-41D6-ABE6-B3E0469C1C6A}.Debug|Any CPU.Build.0 = Debug|Any CPU
		{A0AB64F6-FE48-41D6-ABE6-B3E0469C1C6A}.Release|Any CPU.ActiveCfg = Release|Any CPU
		{A0AB64F6-FE48-41D6-ABE6-B3E0469C1C6A}.Release|Any CPU.Build.0 = Release|Any CPU
	EndGlobalSection
	GlobalSection(SolutionProperties) = preSolution
		HideSolutionNode = FALSE
	EndGlobalSection
	GlobalSection(ExtensibilityGlobals) = postSolution
		SolutionGuid = {618EB30A-FDC1-43FB-9A85-26C43FE0B576}
	EndGlobalSection
EndGlobal
